
Microsoft Visual Studio Solution File, Format Version 12.00
# Visual Studio Version 17
VisualStudioVersion = 17.11.35312.102
MinimumVisualStudioVersion = 10.0.40219.1
Project("{FAE04EC0-301F-11D3-BF4B-00C04F79EFBC}") = "BankSystemDAL", "BankSystemDAL\BankSystemDAL.csproj", "{D66DDFC1-A1B0-4D06-A6FD-36A48CA9F85D}"
EndProject
Project("{FAE04EC0-301F-11D3-BF4B-00C04F79EFBC}") = "BankSystemBLL", "BankSystemBLL\BankSystemBLL.csproj", "{B4249E8E-9630-4307-8191-3F54272CF88E}"
EndProject
Project("{9A19103F-16F7-4668-BE54-9A1E7A4F7556}") = "BankSystemUI", "BankSystemUI\BankSystemUI.csproj", "{AD33D60E-07CE-4B2D-90EB-C23C79521C4E}"
EndProject
Project("{2150E333-8FDC-42A3-9474-1A3956D46DE8}") = "Solution Items", "Solution Items", "{10B84504-E1CC-4770-BB68-32E98D6F7B39}"
	ProjectSection(SolutionItems) = preProject
		.gitignore = .gitignore
	EndProjectSection
EndProject
Global
	GlobalSection(SolutionConfigurationPlatforms) = preSolution
		Debug|Any CPU = Debug|Any CPU
		Release|Any CPU = Release|Any CPU
	EndGlobalSection
	GlobalSection(ProjectConfigurationPlatforms) = postSolution
		{D66DDFC1-A1B0-4D06-A6FD-36A48CA9F85D}.Debug|Any CPU.ActiveCfg = Debug|Any CPU
		{D66DDFC1-A1B0-4D06-A6FD-36A48CA9F85D}.Debug|Any CPU.Build.0 = Debug|Any CPU
		{D66DDFC1-A1B0-4D06-A6FD-36A48CA9F85D}.Release|Any CPU.ActiveCfg = Release|Any CPU
		{D66DDFC1-A1B0-4D06-A6FD-36A48CA9F85D}.Release|Any CPU.Build.0 = Release|Any CPU
		{B4249E8E-9630-4307-8191-3F54272CF88E}.Debug|Any CPU.ActiveCfg = Debug|Any CPU
		{B4249E8E-9630-4307-8191-3F54272CF88E}.Debug|Any CPU.Build.0 = Debug|Any CPU
		{B4249E8E-9630-4307-8191-3F54272CF88E}.Release|Any CPU.ActiveCfg = Release|Any CPU
		{B4249E8E-9630-4307-8191-3F54272CF88E}.Release|Any CPU.Build.0 = Release|Any CPU
		{AD33D60E-07CE-4B2D-90EB-C23C79521C4E}.Debug|Any CPU.ActiveCfg = Debug|Any CPU
		{AD33D60E-07CE-4B2D-90EB-C23C79521C4E}.Debug|Any CPU.Build.0 = Debug|Any CPU
		{AD33D60E-07CE-4B2D-90EB-C23C79521C4E}.Release|Any CPU.ActiveCfg = Release|Any CPU
		{AD33D60E-07CE-4B2D-90EB-C23C79521C4E}.Release|Any CPU.Build.0 = Release|Any CPU
	EndGlobalSection
	GlobalSection(SolutionProperties) = preSolution
		HideSolutionNode = FALSE
	EndGlobalSection
	GlobalSection(ExtensibilityGlobals) = postSolution
		SolutionGuid = {914975EF-6708-40E6-8FA4-2FF4DC739EEB}
	EndGlobalSection
EndGlobal
